
Microsoft Visual Studio Solution File, Format Version 12.00
# Visual Studio Version 17
VisualStudioVersion = 17.0.32014.148
MinimumVisualStudioVersion = 10.0.40219.1
Project("{FAE04EC0-301F-11D3-BF4B-00C04F79EFBC}") = "Nukacola", "Nukacola\Nukacola.csproj", "{119CFE83-54F0-44F7-A2AB-52B96775D14E}"
EndProject
Global
	GlobalSection(SolutionConfigurationPlatforms) = preSolution
		Debug|Any CPU = Debug|Any CPU
		Release|Any CPU = Release|Any CPU
	EndGlobalSection
	GlobalSection(ProjectConfigurationPlatforms) = postSolution
		{119CFE83-54F0-44F7-A2AB-52B96775D14E}.Debug|Any CPU.ActiveCfg = Debug|Any CPU
		{119CFE83-54F0-44F7-A2AB-52B96775D14E}.Debug|Any CPU.Build.0 = Debug|Any CPU
		{119CFE83-54F0-44F7-A2AB-52B96775D14E}.Release|Any CPU.ActiveCfg = Release|Any CPU
		{119CFE83-54F0-44F7-A2AB-52B96775D14E}.Release|Any CPU.Build.0 = Release|Any CPU
	EndGlobalSection
	GlobalSection(SolutionProperties) = preSolution
		HideSolutionNode = FALSE
	EndGlobalSection
	GlobalSection(ExtensibilityGlobals) = postSolution
		SolutionGuid = {18057401-EEE0-4C41-A1F7-1786E22467C6}
	EndGlobalSection
EndGlobal
